// !$*UTF8*$!
{
	archiveVersion = 1;
	classes = {
	};
	objectVersion = 77;
	objects = {

/* Begin PBXBuildFile section */
		D0094ACB2CD22AE000A72D28 /* FolderCollectionViewCell.swift in Sources */ = {isa = PBXBuildFile; fileRef = D0094ACA2CD22AE000A72D28 /* FolderCollectionViewCell.swift */; };
		D0094ACD2CD2329700A72D28 /* ImageCollectionViewCell.swift in Sources */ = {isa = PBXBuildFile; fileRef = D0094ACC2CD2329700A72D28 /* ImageCollectionViewCell.swift */; };
		D0094AD02CD247BC00A72D28 /* HeaderCollectionView.swift in Sources */ = {isa = PBXBuildFile; fileRef = D0094ACF2CD247BC00A72D28 /* HeaderCollectionView.swift */; };
		D0382BE02CDE0D9900FD2D64 /* KeychainSwift in Frameworks */ = {isa = PBXBuildFile; productRef = D0382BDF2CDE0D9900FD2D64 /* KeychainSwift */; };
		D0382BE32CDE0DA400FD2D64 /* SnapKit in Frameworks */ = {isa = PBXBuildFile; productRef = D0382BE22CDE0DA400FD2D64 /* SnapKit */; };
		D069F70A2CCE3F5500341643 /* ImageTableViewCell.swift in Sources */ = {isa = PBXBuildFile; fileRef = D069F7092CCE3F5500341643 /* ImageTableViewCell.swift */; };
		D069F70F2CCF8B3D00341643 /* FullImageViewController.swift in Sources */ = {isa = PBXBuildFile; fileRef = D069F70E2CCF8B3D00341643 /* FullImageViewController.swift */; };
		D0C11A772CD0F0D4004D54C5 /* Directory.swift in Sources */ = {isa = PBXBuildFile; fileRef = D0C11A762CD0F0D4004D54C5 /* Directory.swift */; };
		D0FD00152CCB963F000C2F63 /* AppDelegate.swift in Sources */ = {isa = PBXBuildFile; fileRef = D0FD000C2CCB963F000C2F63 /* AppDelegate.swift */; };
		D0FD00172CCB963F000C2F63 /* SceneDelegate.swift in Sources */ = {isa = PBXBuildFile; fileRef = D0FD00122CCB963F000C2F63 /* SceneDelegate.swift */; };
		D0FD00182CCB963F000C2F63 /* ViewController.swift in Sources */ = {isa = PBXBuildFile; fileRef = D0FD00132CCB963F000C2F63 /* ViewController.swift */; };
		D0FD00192CCB963F000C2F63 /* Assets.xcassets in Resources */ = {isa = PBXBuildFile; fileRef = D0FD000D2CCB963F000C2F63 /* Assets.xcassets */; };
		D0FD001B2CCB963F000C2F63 /* LaunchScreen.storyboard in Resources */ = {isa = PBXBuildFile; fileRef = D0FD00112CCB963F000C2F63 /* LaunchScreen.storyboard */; };
		D0FD001D2CCB98A8000C2F63 /* ManagerFile.swift in Sources */ = {isa = PBXBuildFile; fileRef = D0FD001C2CCB98A8000C2F63 /* ManagerFile.swift */; };
		D0FD00202CCBC802000C2F63 /* FolderTableViewCell.swift in Sources */ = {isa = PBXBuildFile; fileRef = D0FD001E2CCBC802000C2F63 /* FolderTableViewCell.swift */; };
/* End PBXBuildFile section */

/* Begin PBXFileReference section */
		D0094ACA2CD22AE000A72D28 /* FolderCollectionViewCell.swift */ = {isa = PBXFileReference; lastKnownFileType = sourcecode.swift; path = FolderCollectionViewCell.swift; sourceTree = "<group>"; };
		D0094ACC2CD2329700A72D28 /* ImageCollectionViewCell.swift */ = {isa = PBXFileReference; lastKnownFileType = sourcecode.swift; path = ImageCollectionViewCell.swift; sourceTree = "<group>"; };
		D0094ACF2CD247BC00A72D28 /* HeaderCollectionView.swift */ = {isa = PBXFileReference; lastKnownFileType = sourcecode.swift; path = HeaderCollectionView.swift; sourceTree = "<group>"; };
		D069F7092CCE3F5500341643 /* ImageTableViewCell.swift */ = {isa = PBXFileReference; lastKnownFileType = sourcecode.swift; path = ImageTableViewCell.swift; sourceTree = "<group>"; };
		D069F70E2CCF8B3D00341643 /* FullImageViewController.swift */ = {isa = PBXFileReference; lastKnownFileType = sourcecode.swift; path = FullImageViewController.swift; sourceTree = "<group>"; };
		D09721052CCA869800E9050B /* FileManager.app */ = {isa = PBXFileReference; explicitFileType = wrapper.application; includeInIndex = 0; path = FileManager.app; sourceTree = BUILT_PRODUCTS_DIR; };
		D0C11A762CD0F0D4004D54C5 /* Directory.swift */ = {isa = PBXFileReference; lastKnownFileType = sourcecode.swift; path = Directory.swift; sourceTree = "<group>"; };
		D0FD000C2CCB963F000C2F63 /* AppDelegate.swift */ = {isa = PBXFileReference; lastKnownFileType = sourcecode.swift; path = AppDelegate.swift; sourceTree = "<group>"; };
		D0FD000D2CCB963F000C2F63 /* Assets.xcassets */ = {isa = PBXFileReference; lastKnownFileType = folder.assetcatalog; path = Assets.xcassets; sourceTree = "<group>"; };
		D0FD000F2CCB963F000C2F63 /* Info.plist */ = {isa = PBXFileReference; lastKnownFileType = text.plist.xml; path = Info.plist; sourceTree = "<group>"; };
		D0FD00102CCB963F000C2F63 /* Base */ = {isa = PBXFileReference; lastKnownFileType = file.storyboard; name = Base; path = Base.lproj/LaunchScreen.storyboard; sourceTree = "<group>"; };
		D0FD00122CCB963F000C2F63 /* SceneDelegate.swift */ = {isa = PBXFileReference; lastKnownFileType = sourcecode.swift; path = SceneDelegate.swift; sourceTree = "<group>"; };
		D0FD00132CCB963F000C2F63 /* ViewController.swift */ = {isa = PBXFileReference; lastKnownFileType = sourcecode.swift; path = ViewController.swift; sourceTree = "<group>"; };
		D0FD001C2CCB98A8000C2F63 /* ManagerFile.swift */ = {isa = PBXFileReference; lastKnownFileType = sourcecode.swift; path = ManagerFile.swift; sourceTree = "<group>"; };
		D0FD001E2CCBC802000C2F63 /* FolderTableViewCell.swift */ = {isa = PBXFileReference; lastKnownFileType = sourcecode.swift; path = FolderTableViewCell.swift; sourceTree = "<group>"; };
/* End PBXFileReference section */

/* Begin PBXFrameworksBuildPhase section */
		D09721022CCA869800E9050B /* Frameworks */ = {
			isa = PBXFrameworksBuildPhase;
			buildActionMask = 2147483647;
			files = (
				D0382BE02CDE0D9900FD2D64 /* KeychainSwift in Frameworks */,
				D0382BE32CDE0DA400FD2D64 /* SnapKit in Frameworks */,
			);
			runOnlyForDeploymentPostprocessing = 0;
		};
/* End PBXFrameworksBuildPhase section */

/* Begin PBXGroup section */
		D0094ACE2CD2476800A72D28 /* Header */ = {
			isa = PBXGroup;
			children = (
				D0094ACF2CD247BC00A72D28 /* HeaderCollectionView.swift */,
			);
			path = Header;
			sourceTree = "<group>";
		};
		D065CB352CD21F8C00E14B95 /* Struct */ = {
			isa = PBXGroup;
			children = (
				D0C11A762CD0F0D4004D54C5 /* Directory.swift */,
			);
			path = Struct;
			sourceTree = "<group>";
		};
		D065CB362CD21FB100E14B95 /* Resource */ = {
			isa = PBXGroup;
			children = (
				D0FD000C2CCB963F000C2F63 /* AppDelegate.swift */,
				D0FD00122CCB963F000C2F63 /* SceneDelegate.swift */,
				D0FD00112CCB963F000C2F63 /* LaunchScreen.storyboard */,
				D0FD000D2CCB963F000C2F63 /* Assets.xcassets */,
			);
			path = Resource;
			sourceTree = "<group>";
		};
		D069F70B2CCF77F400341643 /* Cell */ = {
			isa = PBXGroup;
			children = (
				D0FD001E2CCBC802000C2F63 /* FolderTableViewCell.swift */,
				D069F7092CCE3F5500341643 /* ImageTableViewCell.swift */,
				D0094ACC2CD2329700A72D28 /* ImageCollectionViewCell.swift */,
				D0094ACA2CD22AE000A72D28 /* FolderCollectionViewCell.swift */,
			);
			path = Cell;
			sourceTree = "<group>";
		};
		D069F70C2CCF780500341643 /* Managers */ = {
			isa = PBXGroup;
			children = (
				D0FD001C2CCB98A8000C2F63 /* ManagerFile.swift */,
			);
			path = Managers;
			sourceTree = "<group>";
		};
		D069F70D2CCF781000341643 /* VC */ = {
			isa = PBXGroup;
			children = (
				D069F70E2CCF8B3D00341643 /* FullImageViewController.swift */,
				D0FD00132CCB963F000C2F63 /* ViewController.swift */,
			);
			path = VC;
			sourceTree = "<group>";
		};
		D09720FC2CCA869800E9050B = {
			isa = PBXGroup;
			children = (
				D0FD00142CCB963F000C2F63 /* FileManager */,
				D09721062CCA869800E9050B /* Products */,
			);
			sourceTree = "<group>";
		};
		D09721062CCA869800E9050B /* Products */ = {
			isa = PBXGroup;
			children = (
				D09721052CCA869800E9050B /* FileManager.app */,
			);
			name = Products;
			sourceTree = "<group>";
		};
		D0FD00142CCB963F000C2F63 /* FileManager */ = {
			isa = PBXGroup;
			children = (
				D0FD000F2CCB963F000C2F63 /* Info.plist */,
				D065CB362CD21FB100E14B95 /* Resource */,
				D065CB352CD21F8C00E14B95 /* Struct */,
				D069F70C2CCF780500341643 /* Managers */,
				D069F70D2CCF781000341643 /* VC */,
				D0094ACE2CD2476800A72D28 /* Header */,
				D069F70B2CCF77F400341643 /* Cell */,
			);
			path = FileManager;
			sourceTree = "<group>";
		};
/* End PBXGroup section */

/* Begin PBXNativeTarget section */
		D09721042CCA869800E9050B /* FileManager */ = {
			isa = PBXNativeTarget;
			buildConfigurationList = D09721182CCA869A00E9050B /* Build configuration list for PBXNativeTarget "FileManager" */;
			buildPhases = (
				D09721012CCA869800E9050B /* Sources */,
				D09721022CCA869800E9050B /* Frameworks */,
				D09721032CCA869800E9050B /* Resources */,
			);
			buildRules = (
			);
			dependencies = (
			);
			name = FileManager;
			packageProductDependencies = (
				D0382BDF2CDE0D9900FD2D64 /* KeychainSwift */,
				D0382BE22CDE0DA400FD2D64 /* SnapKit */,
			);
			productName = FileManager;
			productReference = D09721052CCA869800E9050B /* FileManager.app */;
			productType = "com.apple.product-type.application";
		};
/* End PBXNativeTarget section */

/* Begin PBXProject section */
		D09720FD2CCA869800E9050B /* Project object */ = {
			isa = PBXProject;
			attributes = {
				BuildIndependentTargetsInParallel = 1;
				LastSwiftUpdateCheck = 1600;
				LastUpgradeCheck = 1600;
				TargetAttributes = {
					D09721042CCA869800E9050B = {
						CreatedOnToolsVersion = 16.0;
					};
				};
			};
			buildConfigurationList = D09721002CCA869800E9050B /* Build configuration list for PBXProject "FileManager" */;
			developmentRegion = en;
			hasScannedForEncodings = 0;
			knownRegions = (
				en,
				Base,
			);
			mainGroup = D09720FC2CCA869800E9050B;
			minimizedProjectReferenceProxies = 1;
			packageReferences = (
				D0382BDE2CDE0D9900FD2D64 /* XCRemoteSwiftPackageReference "keychain-swift" */,
				D0382BE12CDE0DA400FD2D64 /* XCRemoteSwiftPackageReference "SnapKit" */,
			);
			preferredProjectObjectVersion = 77;
			productRefGroup = D09721062CCA869800E9050B /* Products */;
			projectDirPath = "";
			projectRoot = "";
			targets = (
				D09721042CCA869800E9050B /* FileManager */,
			);
		};
/* End PBXProject section */

/* Begin PBXResourcesBuildPhase section */
		D09721032CCA869800E9050B /* Resources */ = {
			isa = PBXResourcesBuildPhase;
			buildActionMask = 2147483647;
			files = (
				D0FD00192CCB963F000C2F63 /* Assets.xcassets in Resources */,
				D0FD001B2CCB963F000C2F63 /* LaunchScreen.storyboard in Resources */,
			);
			runOnlyForDeploymentPostprocessing = 0;
		};
/* End PBXResourcesBuildPhase section */

/* Begin PBXSourcesBuildPhase section */
		D09721012CCA869800E9050B /* Sources */ = {
			isa = PBXSourcesBuildPhase;
			buildActionMask = 2147483647;
			files = (
				D069F70F2CCF8B3D00341643 /* FullImageViewController.swift in Sources */,
				D0094ACB2CD22AE000A72D28 /* FolderCollectionViewCell.swift in Sources */,
				D0FD00202CCBC802000C2F63 /* FolderTableViewCell.swift in Sources */,
				D0FD00152CCB963F000C2F63 /* AppDelegate.swift in Sources */,
				D0094AD02CD247BC00A72D28 /* HeaderCollectionView.swift in Sources */,
				D0FD00172CCB963F000C2F63 /* SceneDelegate.swift in Sources */,
				D0FD00182CCB963F000C2F63 /* ViewController.swift in Sources */,
				D0094ACD2CD2329700A72D28 /* ImageCollectionViewCell.swift in Sources */,
				D0FD001D2CCB98A8000C2F63 /* ManagerFile.swift in Sources */,
				D069F70A2CCE3F5500341643 /* ImageTableViewCell.swift in Sources */,
				D0C11A772CD0F0D4004D54C5 /* Directory.swift in Sources */,
			);
			runOnlyForDeploymentPostprocessing = 0;
		};
/* End PBXSourcesBuildPhase section */

/* Begin PBXVariantGroup section */
		D0FD00112CCB963F000C2F63 /* LaunchScreen.storyboard */ = {
			isa = PBXVariantGroup;
			children = (
				D0FD00102CCB963F000C2F63 /* Base */,
			);
			name = LaunchScreen.storyboard;
			sourceTree = "<group>";
		};
/* End PBXVariantGroup section */

/* Begin XCBuildConfiguration section */
		D09721192CCA869A00E9050B /* Debug */ = {
			isa = XCBuildConfiguration;
			buildSettings = {
				ASSETCATALOG_COMPILER_APPICON_NAME = AppIcon;
				ASSETCATALOG_COMPILER_GLOBAL_ACCENT_COLOR_NAME = AccentColor;
				CODE_SIGN_STYLE = Automatic;
				CURRENT_PROJECT_VERSION = 1;
				DEVELOPMENT_TEAM = B9RY2H98ND;
				GENERATE_INFOPLIST_FILE = YES;
				INFOPLIST_FILE = FileManager/Info.plist;
				INFOPLIST_KEY_UIApplicationSupportsIndirectInputEvents = YES;
				INFOPLIST_KEY_UILaunchStoryboardName = LaunchScreen;
				INFOPLIST_KEY_UISupportedInterfaceOrientations_iPad = "UIInterfaceOrientationPortrait UIInterfaceOrientationPortraitUpsideDown UIInterfaceOrientationLandscapeLeft UIInterfaceOrientationLandscapeRight";
				INFOPLIST_KEY_UISupportedInterfaceOrientations_iPhone = "UIInterfaceOrientationPortrait UIInterfaceOrientationLandscapeLeft UIInterfaceOrientationLandscapeRight";
				LD_RUNPATH_SEARCH_PATHS = (
					"$(inherited)",
					"@executable_path/Frameworks",
				);
				MARKETING_VERSION = 1.0;
				PRODUCT_BUNDLE_IDENTIFIER = bilinskiy.FileManager;
				PRODUCT_NAME = "$(TARGET_NAME)";
				SWIFT_EMIT_LOC_STRINGS = YES;
				SWIFT_VERSION = 5.0;
				TARGETED_DEVICE_FAMILY = "1,2";
			};
			name = Debug;
		};
		D097211A2CCA869A00E9050B /* Release */ = {
			isa = XCBuildConfiguration;
			buildSettings = {
				ASSETCATALOG_COMPILER_APPICON_NAME = AppIcon;
				ASSETCATALOG_COMPILER_GLOBAL_ACCENT_COLOR_NAME = AccentColor;
				CODE_SIGN_STYLE = Automatic;
				CURRENT_PROJECT_VERSION = 1;
				DEVELOPMENT_TEAM = B9RY2H98ND;
				GENERATE_INFOPLIST_FILE = YES;
				INFOPLIST_FILE = FileManager/Info.plist;
				INFOPLIST_KEY_UIApplicationSupportsIndirectInputEvents = YES;
				INFOPLIST_KEY_UILaunchStoryboardName = LaunchScreen;
				INFOPLIST_KEY_UISupportedInterfaceOrientations_iPad = "UIInterfaceOrientationPortrait UIInterfaceOrientationPortraitUpsideDown UIInterfaceOrientationLandscapeLeft UIInterfaceOrientationLandscapeRight";
				INFOPLIST_KEY_UISupportedInterfaceOrientations_iPhone = "UIInterfaceOrientationPortrait UIInterfaceOrientationLandscapeLeft UIInterfaceOrientationLandscapeRight";
				LD_RUNPATH_SEARCH_PATHS = (
					"$(inherited)",
					"@executable_path/Frameworks",
				);
				MARKETING_VERSION = 1.0;
				PRODUCT_BUNDLE_IDENTIFIER = bilinskiy.FileManager;
				PRODUCT_NAME = "$(TARGET_NAME)";
				SWIFT_EMIT_LOC_STRINGS = YES;
				SWIFT_VERSION = 5.0;
				TARGETED_DEVICE_FAMILY = "1,2";
			};
			name = Release;
		};
		D097211B2CCA869A00E9050B /* Debug */ = {
			isa = XCBuildConfiguration;
			buildSettings = {
				ALWAYS_SEARCH_USER_PATHS = NO;
				ASSETCATALOG_COMPILER_GENERATE_SWIFT_ASSET_SYMBOL_EXTENSIONS = YES;
				CLANG_ANALYZER_NONNULL = YES;
				CLANG_ANALYZER_NUMBER_OBJECT_CONVERSION = YES_AGGRESSIVE;
				CLANG_CXX_LANGUAGE_STANDARD = "gnu++20";
				CLANG_ENABLE_MODULES = YES;
				CLANG_ENABLE_OBJC_ARC = YES;
				CLANG_ENABLE_OBJC_WEAK = YES;
				CLANG_WARN_BLOCK_CAPTURE_AUTORELEASING = YES;
				CLANG_WARN_BOOL_CONVERSION = YES;
				CLANG_WARN_COMMA = YES;
				CLANG_WARN_CONSTANT_CONVERSION = YES;
				CLANG_WARN_DEPRECATED_OBJC_IMPLEMENTATIONS = YES;
				CLANG_WARN_DIRECT_OBJC_ISA_USAGE = YES_ERROR;
				CLANG_WARN_DOCUMENTATION_COMMENTS = YES;
				CLANG_WARN_EMPTY_BODY = YES;
				CLANG_WARN_ENUM_CONVERSION = YES;
				CLANG_WARN_INFINITE_RECURSION = YES;
				CLANG_WARN_INT_CONVERSION = YES;
				CLANG_WARN_NON_LITERAL_NULL_CONVERSION = YES;
				CLANG_WARN_OBJC_IMPLICIT_RETAIN_SELF = YES;
				CLANG_WARN_OBJC_LITERAL_CONVERSION = YES;
				CLANG_WARN_OBJC_ROOT_CLASS = YES_ERROR;
				CLANG_WARN_QUOTED_INCLUDE_IN_FRAMEWORK_HEADER = YES;
				CLANG_WARN_RANGE_LOOP_ANALYSIS = YES;
				CLANG_WARN_STRICT_PROTOTYPES = YES;
				CLANG_WARN_SUSPICIOUS_MOVE = YES;
				CLANG_WARN_UNGUARDED_AVAILABILITY = YES_AGGRESSIVE;
				CLANG_WARN_UNREACHABLE_CODE = YES;
				CLANG_WARN__DUPLICATE_METHOD_MATCH = YES;
				COPY_PHASE_STRIP = NO;
				DEBUG_INFORMATION_FORMAT = dwarf;
				ENABLE_STRICT_OBJC_MSGSEND = YES;
				ENABLE_TESTABILITY = YES;
				ENABLE_USER_SCRIPT_SANDBOXING = YES;
				GCC_C_LANGUAGE_STANDARD = gnu17;
				GCC_DYNAMIC_NO_PIC = NO;
				GCC_NO_COMMON_BLOCKS = YES;
				GCC_OPTIMIZATION_LEVEL = 0;
				GCC_PREPROCESSOR_DEFINITIONS = (
					"DEBUG=1",
					"$(inherited)",
				);
				GCC_WARN_64_TO_32_BIT_CONVERSION = YES;
				GCC_WARN_ABOUT_RETURN_TYPE = YES_ERROR;
				GCC_WARN_UNDECLARED_SELECTOR = YES;
				GCC_WARN_UNINITIALIZED_AUTOS = YES_AGGRESSIVE;
				GCC_WARN_UNUSED_FUNCTION = YES;
				GCC_WARN_UNUSED_VARIABLE = YES;
				IPHONEOS_DEPLOYMENT_TARGET = 18.0;
				LOCALIZATION_PREFERS_STRING_CATALOGS = YES;
				MTL_ENABLE_DEBUG_INFO = INCLUDE_SOURCE;
				MTL_FAST_MATH = YES;
				ONLY_ACTIVE_ARCH = YES;
				SDKROOT = iphoneos;
				SWIFT_ACTIVE_COMPILATION_CONDITIONS = "DEBUG $(inherited)";
				SWIFT_OPTIMIZATION_LEVEL = "-Onone";
			};
			name = Debug;
		};
		D097211C2CCA869A00E9050B /* Release */ = {
			isa = XCBuildConfiguration;
			buildSettings = {
				ALWAYS_SEARCH_USER_PATHS = NO;
				ASSETCATALOG_COMPILER_GENERATE_SWIFT_ASSET_SYMBOL_EXTENSIONS = YES;
				CLANG_ANALYZER_NONNULL = YES;
				CLANG_ANALYZER_NUMBER_OBJECT_CONVERSION = YES_AGGRESSIVE;
				CLANG_CXX_LANGUAGE_STANDARD = "gnu++20";
				CLANG_ENABLE_MODULES = YES;
				CLANG_ENABLE_OBJC_ARC = YES;
				CLANG_ENABLE_OBJC_WEAK = YES;
				CLANG_WARN_BLOCK_CAPTURE_AUTORELEASING = YES;
				CLANG_WARN_BOOL_CONVERSION = YES;
				CLANG_WARN_COMMA = YES;
				CLANG_WARN_CONSTANT_CONVERSION = YES;
				CLANG_WARN_DEPRECATED_OBJC_IMPLEMENTATIONS = YES;
				CLANG_WARN_DIRECT_OBJC_ISA_USAGE = YES_ERROR;
				CLANG_WARN_DOCUMENTATION_COMMENTS = YES;
				CLANG_WARN_EMPTY_BODY = YES;
				CLANG_WARN_ENUM_CONVERSION = YES;
				CLANG_WARN_INFINITE_RECURSION = YES;
				CLANG_WARN_INT_CONVERSION = YES;
				CLANG_WARN_NON_LITERAL_NULL_CONVERSION = YES;
				CLANG_WARN_OBJC_IMPLICIT_RETAIN_SELF = YES;
				CLANG_WARN_OBJC_LITERAL_CONVERSION = YES;
				CLANG_WARN_OBJC_ROOT_CLASS = YES_ERROR;
				CLANG_WARN_QUOTED_INCLUDE_IN_FRAMEWORK_HEADER = YES;
				CLANG_WARN_RANGE_LOOP_ANALYSIS = YES;
				CLANG_WARN_STRICT_PROTOTYPES = YES;
				CLANG_WARN_SUSPICIOUS_MOVE = YES;
				CLANG_WARN_UNGUARDED_AVAILABILITY = YES_AGGRESSIVE;
				CLANG_WARN_UNREACHABLE_CODE = YES;
				CLANG_WARN__DUPLICATE_METHOD_MATCH = YES;
				COPY_PHASE_STRIP = NO;
				DEBUG_INFORMATION_FORMAT = "dwarf-with-dsym";
				ENABLE_NS_ASSERTIONS = NO;
				ENABLE_STRICT_OBJC_MSGSEND = YES;
				ENABLE_USER_SCRIPT_SANDBOXING = YES;
				GCC_C_LANGUAGE_STANDARD = gnu17;
				GCC_NO_COMMON_BLOCKS = YES;
				GCC_WARN_64_TO_32_BIT_CONVERSION = YES;
				GCC_WARN_ABOUT_RETURN_TYPE = YES_ERROR;
				GCC_WARN_UNDECLARED_SELECTOR = YES;
				GCC_WARN_UNINITIALIZED_AUTOS = YES_AGGRESSIVE;
				GCC_WARN_UNUSED_FUNCTION = YES;
				GCC_WARN_UNUSED_VARIABLE = YES;
				IPHONEOS_DEPLOYMENT_TARGET = 18.0;
				LOCALIZATION_PREFERS_STRING_CATALOGS = YES;
				MTL_ENABLE_DEBUG_INFO = NO;
				MTL_FAST_MATH = YES;
				SDKROOT = iphoneos;
				SWIFT_COMPILATION_MODE = wholemodule;
				VALIDATE_PRODUCT = YES;
			};
			name = Release;
		};
/* End XCBuildConfiguration section */

/* Begin XCConfigurationList section */
		D09721002CCA869800E9050B /* Build configuration list for PBXProject "FileManager" */ = {
			isa = XCConfigurationList;
			buildConfigurations = (
				D097211B2CCA869A00E9050B /* Debug */,
				D097211C2CCA869A00E9050B /* Release */,
			);
			defaultConfigurationIsVisible = 0;
			defaultConfigurationName = Release;
		};
		D09721182CCA869A00E9050B /* Build configuration list for PBXNativeTarget "FileManager" */ = {
			isa = XCConfigurationList;
			buildConfigurations = (
				D09721192CCA869A00E9050B /* Debug */,
				D097211A2CCA869A00E9050B /* Release */,
			);
			defaultConfigurationIsVisible = 0;
			defaultConfigurationName = Release;
		};
/* End XCConfigurationList section */

/* Begin XCRemoteSwiftPackageReference section */
		D0382BDE2CDE0D9900FD2D64 /* XCRemoteSwiftPackageReference "keychain-swift" */ = {
			isa = XCRemoteSwiftPackageReference;
			repositoryURL = "https://github.com/evgenyneu/keychain-swift.git";
			requirement = {
				kind = upToNextMajorVersion;
				minimumVersion = 24.0.0;
			};
		};
		D0382BE12CDE0DA400FD2D64 /* XCRemoteSwiftPackageReference "SnapKit" */ = {
			isa = XCRemoteSwiftPackageReference;
			repositoryURL = "https://github.com/SnapKit/SnapKit.git";
			requirement = {
				kind = upToNextMajorVersion;
				minimumVersion = 5.7.1;
			};
		};
/* End XCRemoteSwiftPackageReference section */

/* Begin XCSwiftPackageProductDependency section */
		D0382BDF2CDE0D9900FD2D64 /* KeychainSwift */ = {
			isa = XCSwiftPackageProductDependency;
			package = D0382BDE2CDE0D9900FD2D64 /* XCRemoteSwiftPackageReference "keychain-swift" */;
			productName = KeychainSwift;
		};
		D0382BE22CDE0DA400FD2D64 /* SnapKit */ = {
			isa = XCSwiftPackageProductDependency;
			package = D0382BE12CDE0DA400FD2D64 /* XCRemoteSwiftPackageReference "SnapKit" */;
			productName = SnapKit;
		};
/* End XCSwiftPackageProductDependency section */
	};
	rootObject = D09720FD2CCA869800E9050B /* Project object */;
}
